{
  "version": "4",
  "specifiers": {
    "jsr:@denorg/scrypt@^4.4.4": "4.4.4",
    "jsr:@hono/hono@^4.6.12": "4.6.12",
    "jsr:@std/assert@0.222.1": "0.222.1",
    "jsr:@std/assert@^1.0.8": "1.0.8",
    "jsr:@std/assert@~0.222.1": "0.222.1",
    "jsr:@std/crypto@0.222.1": "0.222.1",
    "jsr:@std/encoding@0.222.1": "0.222.1",
    "jsr:@std/encoding@~0.222.1": "0.222.1",
    "jsr:@std/fmt@~0.222.1": "0.222.1",
    "jsr:@std/internal@^1.0.5": "1.0.5",
    "jsr:@std/ulid@1": "1.0.0",
    "jsr:@valibot/valibot@~0.42.1": "0.42.1",
    "npm:@hono/valibot-validator@~0.5.1": "0.5.1_hono@4.6.12_valibot@1.0.0-beta.9"
  },
  "jsr": {
    "@denorg/scrypt@4.4.4": {
      "integrity": "81e82ad4627e91f4c98c1789b3382667f366a61702642ad5d3a8dddf7b444905",
      "dependencies": [
        "jsr:@std/assert@0.222.1",
        "jsr:@std/crypto",
        "jsr:@std/encoding@0.222.1"
      ]
    },
    "@hono/hono@4.6.12": {
      "integrity": "fa0b97fa7c3292f0d9957109ac07a475fe485868795b71b8e3114c284152cdb5"
    },
    "@std/assert@0.222.1": {
      "integrity": "691637161ee584a9919d1f9950ddd1272feb8e0a19e83aa5b7563cedaf73d74c",
      "dependencies": [
        "jsr:@std/fmt"
      ]
    },
    "@std/assert@1.0.8": {
      "integrity": "ebe0bd7eb488ee39686f77003992f389a06c3da1bbd8022184804852b2fa641b",
      "dependencies": [
        "jsr:@std/internal"
      ]
    },
    "@std/crypto@0.222.1": {
      "integrity": "d5b9e6c704fadbcc384cd42c0b603ad4aea710ece0ff26426602681b64fd237c",
      "dependencies": [
        "jsr:@std/assert@~0.222.1",
        "jsr:@std/encoding@~0.222.1"
      ]
    },
    "@std/encoding@0.222.1": {
      "integrity": "fb6c1d38722feebc8d4a5efa3eb2039ecec0d50d053186240484d0c4a4ce1006"
    },
    "@std/fmt@0.222.1": {
      "integrity": "ec3382f9b0261c1ab1a5c804aa355d816515fa984cdd827ed32edfb187c0a722"
    },
    "@std/internal@1.0.5": {
      "integrity": "54a546004f769c1ac9e025abd15a76b6671ddc9687e2313b67376125650dc7ba"
    },
    "@std/ulid@1.0.0": {
      "integrity": "d41c3d27a907714413649fee864b7cde8d42ee68437d22b79d5de4f81d808780"
    },
    "@valibot/valibot@0.42.1": {
      "integrity": "ba0f6f7964aaeec0e4b1f793d575061f325ae6254cbb9d7ff01fb65068a0a23b"
    }
  },
  "npm": {
    "@hono/valibot-validator@0.5.1_hono@4.6.12_valibot@1.0.0-beta.9": {
      "integrity": "sha512-TXNFh1jofWNCX9sOX2gyw6qCXuAKr4yk//hOf9Lc8vcdIhQXTRQY6RPkKwL/14EldoIngkLj3iMHTXXhjgMCWg==",
      "dependencies": [
        "hono",
        "valibot"
      ]
    },
    "hono@4.6.12": {
      "integrity": "sha512-eHtf4kSDNw6VVrdbd5IQi16r22m3s7mWPLd7xOMhg1a/Yyb1A0qpUFq8xYMX4FMuDe1nTKeMX5rTx7Nmw+a+Ag=="
    },
    "valibot@1.0.0-beta.9": {
      "integrity": "sha512-yEX8gMAZ2R1yI2uwOO4NCtVnJQx36zn3vD0omzzj9FhcoblvPukENIiRZXKZwCnqSeV80bMm8wNiGhQ0S8fiww=="
    }
  },
  "workspace": {
    "dependencies": [
      "jsr:@denorg/scrypt@^4.4.4",
      "jsr:@hono/hono@^4.6.12",
      "jsr:@std/assert@^1.0.8",
      "jsr:@std/ulid@1",
      "jsr:@valibot/valibot@~0.42.1",
      "npm:@hono/valibot-validator@~0.5.1"
    ]
  }
}
